
Microsoft Visual Studio Solution File, Format Version 12.00
# Visual Studio Version 17
VisualStudioVersion = 17.5.33530.505
MinimumVisualStudioVersion = 10.0.40219.1
Project("{FAE04EC0-301F-11D3-BF4B-00C04F79EFBC}") = "Assignment_1", "Assignment_1\Assignment_1.csproj", "{37FA4A3E-EEBB-4CEB-BCB5-85537701AACA}"
EndProject
Global
	GlobalSection(SolutionConfigurationPlatforms) = preSolution
		Debug|Any CPU = Debug|Any CPU
		Release|Any CPU = Release|Any CPU
	EndGlobalSection
	GlobalSection(ProjectConfigurationPlatforms) = postSolution
		{37FA4A3E-EEBB-4CEB-BCB5-85537701AACA}.Debug|Any CPU.ActiveCfg = Debug|Any CPU
		{37FA4A3E-EEBB-4CEB-BCB5-85537701AACA}.Debug|Any CPU.Build.0 = Debug|Any CPU
		{37FA4A3E-EEBB-4CEB-BCB5-85537701AACA}.Release|Any CPU.ActiveCfg = Release|Any CPU
		{37FA4A3E-EEBB-4CEB-BCB5-85537701AACA}.Release|Any CPU.Build.0 = Release|Any CPU
	EndGlobalSection
	GlobalSection(SolutionProperties) = preSolution
		HideSolutionNode = FALSE
	EndGlobalSection
	GlobalSection(ExtensibilityGlobals) = postSolution
		SolutionGuid = {FABA5EE1-AE7D-44B0-8FBF-2115C39798B2}
	EndGlobalSection
EndGlobal
